
Microsoft Visual Studio Solution File, Format Version 12.00
# Visual Studio Version 17
VisualStudioVersion = 17.2.32630.192
MinimumVisualStudioVersion = 10.0.40219.1
Project("{FAE04EC0-301F-11D3-BF4B-00C04F79EFBC}") = "HelloStudents1", "HelloStudents1\HelloStudents1.csproj", "{F031C215-4ED4-416B-8DC9-0D0748C3303C}"
EndProject
Global
	GlobalSection(SolutionConfigurationPlatforms) = preSolution
		Debug|Any CPU = Debug|Any CPU
		Release|Any CPU = Release|Any CPU
	EndGlobalSection
	GlobalSection(ProjectConfigurationPlatforms) = postSolution
		{F031C215-4ED4-416B-8DC9-0D0748C3303C}.Debug|Any CPU.ActiveCfg = Debug|Any CPU
		{F031C215-4ED4-416B-8DC9-0D0748C3303C}.Debug|Any CPU.Build.0 = Debug|Any CPU
		{F031C215-4ED4-416B-8DC9-0D0748C3303C}.Release|Any CPU.ActiveCfg = Release|Any CPU
		{F031C215-4ED4-416B-8DC9-0D0748C3303C}.Release|Any CPU.Build.0 = Release|Any CPU
	EndGlobalSection
	GlobalSection(SolutionProperties) = preSolution
		HideSolutionNode = FALSE
	EndGlobalSection
	GlobalSection(ExtensibilityGlobals) = postSolution
		SolutionGuid = {ED36D986-3F10-415A-BF7F-8E0C8C225B59}
	EndGlobalSection
EndGlobal
