
Microsoft Visual Studio Solution File, Format Version 12.00
# Visual Studio Version 17
VisualStudioVersion = 17.6.33723.286
MinimumVisualStudioVersion = 10.0.40219.1
Project("{FAE04EC0-301F-11D3-BF4B-00C04F79EFBC}") = "Day1PracticeCode", "Day1PracticeCode\Day1PracticeCode.csproj", "{5B880B28-6A12-49AD-A1E3-E59D0FBCBE9F}"
EndProject
Global
	GlobalSection(SolutionConfigurationPlatforms) = preSolution
		Debug|Any CPU = Debug|Any CPU
		Release|Any CPU = Release|Any CPU
	EndGlobalSection
	GlobalSection(ProjectConfigurationPlatforms) = postSolution
		{5B880B28-6A12-49AD-A1E3-E59D0FBCBE9F}.Debug|Any CPU.ActiveCfg = Debug|Any CPU
		{5B880B28-6A12-49AD-A1E3-E59D0FBCBE9F}.Debug|Any CPU.Build.0 = Debug|Any CPU
		{5B880B28-6A12-49AD-A1E3-E59D0FBCBE9F}.Release|Any CPU.ActiveCfg = Release|Any CPU
		{5B880B28-6A12-49AD-A1E3-E59D0FBCBE9F}.Release|Any CPU.Build.0 = Release|Any CPU
	EndGlobalSection
	GlobalSection(SolutionProperties) = preSolution
		HideSolutionNode = FALSE
	EndGlobalSection
	GlobalSection(ExtensibilityGlobals) = postSolution
		SolutionGuid = {22A649EE-B53F-4B11-ABB3-BB784A761E3B}
	EndGlobalSection
EndGlobal
